
Microsoft Visual Studio Solution File, Format Version 12.00
# Visual Studio 14
VisualStudioVersion = 14.0.24720.0
MinimumVisualStudioVersion = 10.0.40219.1
Project("{FAE04EC0-301F-11D3-BF4B-00C04F79EFBC}") = "Admin", "Admin\Admin.csproj", "{302058DD-28E6-4AFA-9D27-8D67558E6D94}"
EndProject
Project("{FAE04EC0-301F-11D3-BF4B-00C04F79EFBC}") = "Guest", "Guest\Guest.csproj", "{1BBE3C60-067F-46A1-8DAB-C35A08876D3C}"
EndProject
Project("{FAE04EC0-301F-11D3-BF4B-00C04F79EFBC}") = "Error", "Error\Error.csproj", "{B60E720D-C075-424E-B21C-02AE7D1535AA}"
EndProject
Project("{FAE04EC0-301F-11D3-BF4B-00C04F79EFBC}") = "Model", "Model\Model.csproj", "{4780BF48-875A-4A32-A1DE-793239C38605}"
EndProject
Global
	GlobalSection(SolutionConfigurationPlatforms) = preSolution
		Debug|Any CPU = Debug|Any CPU
		Release|Any CPU = Release|Any CPU
	EndGlobalSection
	GlobalSection(ProjectConfigurationPlatforms) = postSolution
		{302058DD-28E6-4AFA-9D27-8D67558E6D94}.Debug|Any CPU.ActiveCfg = Debug|Any CPU
		{302058DD-28E6-4AFA-9D27-8D67558E6D94}.Debug|Any CPU.Build.0 = Debug|Any CPU
		{302058DD-28E6-4AFA-9D27-8D67558E6D94}.Release|Any CPU.ActiveCfg = Release|Any CPU
		{302058DD-28E6-4AFA-9D27-8D67558E6D94}.Release|Any CPU.Build.0 = Release|Any CPU
		{1BBE3C60-067F-46A1-8DAB-C35A08876D3C}.Debug|Any CPU.ActiveCfg = Debug|Any CPU
		{1BBE3C60-067F-46A1-8DAB-C35A08876D3C}.Debug|Any CPU.Build.0 = Debug|Any CPU
		{1BBE3C60-067F-46A1-8DAB-C35A08876D3C}.Release|Any CPU.ActiveCfg = Release|Any CPU
		{1BBE3C60-067F-46A1-8DAB-C35A08876D3C}.Release|Any CPU.Build.0 = Release|Any CPU
		{B60E720D-C075-424E-B21C-02AE7D1535AA}.Debug|Any CPU.ActiveCfg = Debug|Any CPU
		{B60E720D-C075-424E-B21C-02AE7D1535AA}.Debug|Any CPU.Build.0 = Debug|Any CPU
		{B60E720D-C075-424E-B21C-02AE7D1535AA}.Release|Any CPU.ActiveCfg = Release|Any CPU
		{B60E720D-C075-424E-B21C-02AE7D1535AA}.Release|Any CPU.Build.0 = Release|Any CPU
		{4780BF48-875A-4A32-A1DE-793239C38605}.Debug|Any CPU.ActiveCfg = Debug|Any CPU
		{4780BF48-875A-4A32-A1DE-793239C38605}.Debug|Any CPU.Build.0 = Debug|Any CPU
		{4780BF48-875A-4A32-A1DE-793239C38605}.Release|Any CPU.ActiveCfg = Release|Any CPU
		{4780BF48-875A-4A32-A1DE-793239C38605}.Release|Any CPU.Build.0 = Release|Any CPU
	EndGlobalSection
	GlobalSection(SolutionProperties) = preSolution
		HideSolutionNode = FALSE
	EndGlobalSection
EndGlobal
